// !$*UTF8*$!
{
	archiveVersion = 1;
	classes = {
	};
	objectVersion = 77;
	objects = {

/* Begin PBXBuildFile section */
		33993F0F87CF4DB09F2813A8 /* AppStateProjectSwitchTests.swift in Sources */ = {isa = PBXBuildFile; fileRef = 4381E755142272EB2DAA9C96 /* AppStateProjectSwitchTests.swift */; };
		6E17B0012FC8000100A10001 /* LocalAIProviderAcceptanceTests.swift in Sources */ = {isa = PBXBuildFile; fileRef = 6E17B0002FC8000100A10001 /* LocalAIProviderAcceptanceTests.swift */; };
		92E180F9B311F3C72D5DE6B7 /* Cocoa.framework in Frameworks */ = {isa = PBXBuildFile; fileRef = A9993BB72A5307039A88B729 /* Cocoa.framework */; };
		DCA8CF4A05C959C4A6EB391F /* RxCodeCore in Frameworks */ = {isa = PBXBuildFile; productRef = CCDF9594876099576D4FD46E /* RxCodeCore */; };
		DF06CCD12FB4CAB5005991E1 /* ViewInspector in Frameworks */ = {isa = PBXBuildFile; productRef = DF06CCD02FB4CAB5005991E1 /* ViewInspector */; };
		DF06DCC72FB8552B005991E1 /* UnitTestPlan.xctestplan in Resources */ = {isa = PBXBuildFile; fileRef = DF06DCC62FB8552B005991E1 /* UnitTestPlan.xctestplan */; };
		DF230B992FBC738D008929A6 /* RxCodeChatKit in Frameworks */ = {isa = PBXBuildFile; productRef = DF230B982FBC738D008929A6 /* RxCodeChatKit */; };
		DF230B9B2FBC738D008929A6 /* RxCodeCore in Frameworks */ = {isa = PBXBuildFile; productRef = DF230B9A2FBC738D008929A6 /* RxCodeCore */; };
		DF230B9D2FBC738D008929A6 /* RxCodeSync in Frameworks */ = {isa = PBXBuildFile; productRef = DF230B9C2FBC738D008929A6 /* RxCodeSync */; };
		DF230B9F2FBC73BA008929A6 /* RxCodeChatKit in Frameworks */ = {isa = PBXBuildFile; productRef = DF230B9E2FBC73BA008929A6 /* RxCodeChatKit */; };
		DF230BA12FBC73BA008929A6 /* RxCodeCore in Frameworks */ = {isa = PBXBuildFile; productRef = DF230BA02FBC73BA008929A6 /* RxCodeCore */; };
		DF230BA32FBC73BA008929A6 /* RxCodeSync in Frameworks */ = {isa = PBXBuildFile; productRef = DF230BA22FBC73BA008929A6 /* RxCodeSync */; };
		DF23F7362FB8C3EC008929A6 /* icon.icon in Resources */ = {isa = PBXBuildFile; fileRef = DF23F7352FB8C3EC008929A6 /* icon.icon */; };
		DF23FF1D2FBB42F7008929A6 /* WaterfallGrid in Frameworks */ = {isa = PBXBuildFile; productRef = DF23FF1C2FBB42F7008929A6 /* WaterfallGrid */; };
		DFA0CCD12FB4CC01005991E1 /* PlanDecisionTests.swift in Sources */ = {isa = PBXBuildFile; fileRef = DFA0CCC02FB4CC01005991E1 /* PlanDecisionTests.swift */; };
		DFA0CCD22FB4CC01005991E1 /* PlanCardViewTests.swift in Sources */ = {isa = PBXBuildFile; fileRef = DFA0CCC12FB4CC01005991E1 /* PlanCardViewTests.swift */; };
		DFA0CCD42FB4CC01005991E1 /* RxCodeChatKit in Frameworks */ = {isa = PBXBuildFile; productRef = DFA0CCC32FB4CC01005991E1 /* RxCodeChatKit */; };
		DFA0CCE12FB4CC02005991E1 /* HistoryListArchiveFilterTests.swift in Sources */ = {isa = PBXBuildFile; fileRef = DFA0CCD52FB4CC02005991E1 /* HistoryListArchiveFilterTests.swift */; };
		E6821AC12F7CEE7200829FC9 /* SwiftTerm in Frameworks */ = {isa = PBXBuildFile; productRef = E6A001012F8A000100000001 /* SwiftTerm */; };
		E6C001022F9B000100000001 /* Sparkle in Frameworks */ = {isa = PBXBuildFile; productRef = E6C001012F9B000100000001 /* Sparkle */; };
		E6D001032FA0000100000001 /* RxCodeCore in Frameworks */ = {isa = PBXBuildFile; productRef = E6D001012FA0000100000001 /* RxCodeCore */; };
		E6D001042FA0000100000001 /* RxCodeChatKit in Frameworks */ = {isa = PBXBuildFile; productRef = E6D001022FA0000100000001 /* RxCodeChatKit */; };
		E6D001072FA0000100000001 /* RxCodeSync in Frameworks */ = {isa = PBXBuildFile; productRef = E6D001062FA0000100000001 /* RxCodeSync */; };
/* End PBXBuildFile section */

/* Begin PBXContainerItemProxy section */
		35C1B17CDEF83F212F648418 /* PBXContainerItemProxy */ = {
			isa = PBXContainerItemProxy;
			containerPortal = E67335302F7356F600FD26C7 /* Project object */;
			proxyType = 1;
			remoteGlobalIDString = E67335372F7356F600FD26C7;
			remoteInfo = RxCode;
		};
		6E17B0022FC8000100A10001 /* PBXContainerItemProxy */ = {
			isa = PBXContainerItemProxy;
			containerPortal = E67335302F7356F600FD26C7 /* Project object */;
			proxyType = 1;
			remoteGlobalIDString = E67335372F7356F600FD26C7;
			remoteInfo = RxCode;
		};
		DF230B602FBC7368008929A6 /* PBXContainerItemProxy */ = {
			isa = PBXContainerItemProxy;
			containerPortal = E67335302F7356F600FD26C7 /* Project object */;
			proxyType = 1;
			remoteGlobalIDString = DF230B4E2FBC7367008929A6;
			remoteInfo = RxCodeMobile;
		};
		DF230B6A2FBC7368008929A6 /* PBXContainerItemProxy */ = {
			isa = PBXContainerItemProxy;
			containerPortal = E67335302F7356F600FD26C7 /* Project object */;
			proxyType = 1;
			remoteGlobalIDString = DF230B4E2FBC7367008929A6;
			remoteInfo = RxCodeMobile;
		};
/* End PBXContainerItemProxy section */

/* Begin PBXFileReference section */
		4381E755142272EB2DAA9C96 /* AppStateProjectSwitchTests.swift */ = {isa = PBXFileReference; includeInIndex = 1; lastKnownFileType = sourcecode.swift; path = AppStateProjectSwitchTests.swift; sourceTree = "<group>"; };
		6E17B0002FC8000100A10001 /* LocalAIProviderAcceptanceTests.swift */ = {isa = PBXFileReference; includeInIndex = 1; lastKnownFileType = sourcecode.swift; path = LocalAIProviderAcceptanceTests.swift; sourceTree = "<group>"; };
		6E17B0032FC8000100A10001 /* RxCodeUITests.xctest */ = {isa = PBXFileReference; explicitFileType = wrapper.cfbundle; includeInIndex = 0; path = RxCodeUITests.xctest; sourceTree = BUILT_PRODUCTS_DIR; };
		6E17B00D2FC8000100A10001 /* UITestplan.xctestplan */ = {isa = PBXFileReference; lastKnownFileType = text; path = UITestplan.xctestplan; sourceTree = "<group>"; };
		7321B5E8B81AAB1A2DC0593B /* RxCodeTests.xctest */ = {isa = PBXFileReference; explicitFileType = wrapper.cfbundle; includeInIndex = 0; path = RxCodeTests.xctest; sourceTree = BUILT_PRODUCTS_DIR; };
		A9993BB72A5307039A88B729 /* Cocoa.framework */ = {isa = PBXFileReference; lastKnownFileType = wrapper.framework; name = Cocoa.framework; path = Platforms/MacOSX.platform/Developer/SDKs/MacOSX15.0.sdk/System/Library/Frameworks/Cocoa.framework; sourceTree = DEVELOPER_DIR; };
		DF06DCC62FB8552B005991E1 /* UnitTestPlan.xctestplan */ = {isa = PBXFileReference; lastKnownFileType = text; path = UnitTestPlan.xctestplan; sourceTree = "<group>"; };
		DF230B4F2FBC7367008929A6 /* RxCodeMobile.app */ = {isa = PBXFileReference; explicitFileType = wrapper.application; includeInIndex = 0; path = RxCodeMobile.app; sourceTree = BUILT_PRODUCTS_DIR; };
		DF230B5F2FBC7368008929A6 /* RxCodeMobileTests.xctest */ = {isa = PBXFileReference; explicitFileType = wrapper.cfbundle; includeInIndex = 0; path = RxCodeMobileTests.xctest; sourceTree = BUILT_PRODUCTS_DIR; };
		DF230B692FBC7368008929A6 /* RxCodeMobileUITests.xctest */ = {isa = PBXFileReference; explicitFileType = wrapper.cfbundle; includeInIndex = 0; path = RxCodeMobileUITests.xctest; sourceTree = BUILT_PRODUCTS_DIR; };
		DF23F7352FB8C3EC008929A6 /* icon.icon */ = {isa = PBXFileReference; lastKnownFileType = folder.iconcomposer.icon; path = icon.icon; sourceTree = "<group>"; };
		DFA0CCC02FB4CC01005991E1 /* PlanDecisionTests.swift */ = {isa = PBXFileReference; includeInIndex = 1; lastKnownFileType = sourcecode.swift; path = PlanDecisionTests.swift; sourceTree = "<group>"; };
		DFA0CCC12FB4CC01005991E1 /* PlanCardViewTests.swift */ = {isa = PBXFileReference; includeInIndex = 1; lastKnownFileType = sourcecode.swift; path = PlanCardViewTests.swift; sourceTree = "<group>"; };
		DFA0CCD52FB4CC02005991E1 /* HistoryListArchiveFilterTests.swift */ = {isa = PBXFileReference; includeInIndex = 1; lastKnownFileType = sourcecode.swift; path = HistoryListArchiveFilterTests.swift; sourceTree = "<group>"; };
		E67335382F7356F600FD26C7 /* RxCode.app */ = {isa = PBXFileReference; explicitFileType = wrapper.application; includeInIndex = 0; path = RxCode.app; sourceTree = BUILT_PRODUCTS_DIR; };
/* End PBXFileReference section */

/* Begin PBXFileSystemSynchronizedBuildFileExceptionSet section */
		DF230B772FBC7368008929A6 /* Exceptions for "RxCodeMobile" folder in "RxCodeMobile" target */ = {
			isa = PBXFileSystemSynchronizedBuildFileExceptionSet;
			membershipExceptions = (
				Info.plist,
			);
			target = DF230B4E2FBC7367008929A6 /* RxCodeMobile */;
		};
/* End PBXFileSystemSynchronizedBuildFileExceptionSet section */

/* Begin PBXFileSystemSynchronizedRootGroup section */
		DF230B502FBC7367008929A6 /* RxCodeMobile */ = {
			isa = PBXFileSystemSynchronizedRootGroup;
			exceptions = (
				DF230B772FBC7368008929A6 /* Exceptions for "RxCodeMobile" folder in "RxCodeMobile" target */,
			);
			path = RxCodeMobile;
			sourceTree = "<group>";
		};
		DF230B622FBC7368008929A6 /* RxCodeMobileTests */ = {
			isa = PBXFileSystemSynchronizedRootGroup;
			path = RxCodeMobileTests;
			sourceTree = "<group>";
		};
		DF230B6C2FBC7368008929A6 /* RxCodeMobileUITests */ = {
			isa = PBXFileSystemSynchronizedRootGroup;
			path = RxCodeMobileUITests;
			sourceTree = "<group>";
		};
		E673353A2F7356F600FD26C7 /* RxCode */ = {
			isa = PBXFileSystemSynchronizedRootGroup;
			path = RxCode;
			sourceTree = "<group>";
		};
/* End PBXFileSystemSynchronizedRootGroup section */

/* Begin PBXFrameworksBuildPhase section */
		023150BBA1A1771608C2FCEB /* Frameworks */ = {
			isa = PBXFrameworksBuildPhase;
			buildActionMask = 2147483647;
			files = (
				92E180F9B311F3C72D5DE6B7 /* Cocoa.framework in Frameworks */,
				DCA8CF4A05C959C4A6EB391F /* RxCodeCore in Frameworks */,
				DFA0CCD42FB4CC01005991E1 /* RxCodeChatKit in Frameworks */,
				DF06CCD12FB4CAB5005991E1 /* ViewInspector in Frameworks */,
			);
			runOnlyForDeploymentPostprocessing = 0;
		};
		6E17B0052FC8000100A10001 /* Frameworks */ = {
			isa = PBXFrameworksBuildPhase;
			buildActionMask = 2147483647;
			files = (
			);
			runOnlyForDeploymentPostprocessing = 0;
		};
		DF230B4C2FBC7367008929A6 /* Frameworks */ = {
			isa = PBXFrameworksBuildPhase;
			buildActionMask = 2147483647;
			files = (
				DF230BA32FBC73BA008929A6 /* RxCodeSync in Frameworks */,
				DF230BA12FBC73BA008929A6 /* RxCodeCore in Frameworks */,
				DF230B9F2FBC73BA008929A6 /* RxCodeChatKit in Frameworks */,
			);
			runOnlyForDeploymentPostprocessing = 0;
		};
		DF230B5C2FBC7368008929A6 /* Frameworks */ = {
			isa = PBXFrameworksBuildPhase;
			buildActionMask = 2147483647;
			files = (
			);
			runOnlyForDeploymentPostprocessing = 0;
		};
		DF230B662FBC7368008929A6 /* Frameworks */ = {
			isa = PBXFrameworksBuildPhase;
			buildActionMask = 2147483647;
			files = (
				DF230B9D2FBC738D008929A6 /* RxCodeSync in Frameworks */,
				DF230B9B2FBC738D008929A6 /* RxCodeCore in Frameworks */,
				DF230B992FBC738D008929A6 /* RxCodeChatKit in Frameworks */,
			);
			runOnlyForDeploymentPostprocessing = 0;
		};
		E67335352F7356F600FD26C7 /* Frameworks */ = {
			isa = PBXFrameworksBuildPhase;
			buildActionMask = 2147483647;
			files = (
				E6821AC12F7CEE7200829FC9 /* SwiftTerm in Frameworks */,
				E6C001022F9B000100000001 /* Sparkle in Frameworks */,
				E6D001032FA0000100000001 /* RxCodeCore in Frameworks */,
				E6D001042FA0000100000001 /* RxCodeChatKit in Frameworks */,
				E6D001072FA0000100000001 /* RxCodeSync in Frameworks */,
				DF23FF1D2FBB42F7008929A6 /* WaterfallGrid in Frameworks */,
			);
			runOnlyForDeploymentPostprocessing = 0;
		};
/* End PBXFrameworksBuildPhase section */

/* Begin PBXGroup section */
		1525FE6BFB6F06A3F00B92D3 /* RxCodeTests */ = {
			isa = PBXGroup;
			children = (
				4381E755142272EB2DAA9C96 /* AppStateProjectSwitchTests.swift */,
				DFA0CCC02FB4CC01005991E1 /* PlanDecisionTests.swift */,
				DFA0CCC12FB4CC01005991E1 /* PlanCardViewTests.swift */,
				DFA0CCD52FB4CC02005991E1 /* HistoryListArchiveFilterTests.swift */,
			);
			path = RxCodeTests;
			sourceTree = "<group>";
		};
		50F6C20C7EE8F07B95128612 /* OS X */ = {
			isa = PBXGroup;
			children = (
				A9993BB72A5307039A88B729 /* Cocoa.framework */,
			);
			name = "OS X";
			sourceTree = "<group>";
		};
		609E8EE085862BD7D5B4012F /* Frameworks */ = {
			isa = PBXGroup;
			children = (
				50F6C20C7EE8F07B95128612 /* OS X */,
			);
			name = Frameworks;
			sourceTree = "<group>";
		};
		6E17B0042FC8000100A10001 /* RxCodeUITests */ = {
			isa = PBXGroup;
			children = (
				6E17B0002FC8000100A10001 /* LocalAIProviderAcceptanceTests.swift */,
			);
			path = RxCodeUITests;
			sourceTree = "<group>";
		};
		E673352F2F7356F600FD26C7 = {
			isa = PBXGroup;
			children = (
				DF23F7352FB8C3EC008929A6 /* icon.icon */,
				DF06DCC62FB8552B005991E1 /* UnitTestPlan.xctestplan */,
				6E17B00D2FC8000100A10001 /* UITestplan.xctestplan */,
				E673353A2F7356F600FD26C7 /* RxCode */,
				6E17B0042FC8000100A10001 /* RxCodeUITests */,
				DF230B502FBC7367008929A6 /* RxCodeMobile */,
				DF230B622FBC7368008929A6 /* RxCodeMobileTests */,
				DF230B6C2FBC7368008929A6 /* RxCodeMobileUITests */,
				E67335392F7356F600FD26C7 /* Products */,
				609E8EE085862BD7D5B4012F /* Frameworks */,
				1525FE6BFB6F06A3F00B92D3 /* RxCodeTests */,
			);
			sourceTree = "<group>";
		};
		E67335392F7356F600FD26C7 /* Products */ = {
			isa = PBXGroup;
			children = (
				E67335382F7356F600FD26C7 /* RxCode.app */,
				7321B5E8B81AAB1A2DC0593B /* RxCodeTests.xctest */,
				6E17B0032FC8000100A10001 /* RxCodeUITests.xctest */,
				DF230B4F2FBC7367008929A6 /* RxCodeMobile.app */,
				DF230B5F2FBC7368008929A6 /* RxCodeMobileTests.xctest */,
				DF230B692FBC7368008929A6 /* RxCodeMobileUITests.xctest */,
			);
			name = Products;
			sourceTree = "<group>";
		};
/* End PBXGroup section */

/* Begin PBXNativeTarget section */
		5D74FE7B782850D23F8D9BF7 /* RxCodeTests */ = {
			isa = PBXNativeTarget;
			buildConfigurationList = 50524686CA1336CE22A6C2C3 /* Build configuration list for PBXNativeTarget "RxCodeTests" */;
			buildPhases = (
				AEA1371373E1E06A1A8F340A /* Sources */,
				023150BBA1A1771608C2FCEB /* Frameworks */,
				AB14AE27D09CB3D7C28C9888 /* Resources */,
			);
			buildRules = (
			);
			dependencies = (
				BC9DD9CE1DAA92D5D395C09C /* PBXTargetDependency */,
			);
			name = RxCodeTests;
			packageProductDependencies = (
				CCDF9594876099576D4FD46E /* RxCodeCore */,
				DFA0CCC32FB4CC01005991E1 /* RxCodeChatKit */,
				DF06CCD02FB4CAB5005991E1 /* ViewInspector */,
			);
			productName = RxCodeTests;
			productReference = 7321B5E8B81AAB1A2DC0593B /* RxCodeTests.xctest */;
			productType = "com.apple.product-type.bundle.unit-test";
		};
		6E17B0062FC8000100A10001 /* RxCodeUITests */ = {
			isa = PBXNativeTarget;
			buildConfigurationList = 6E17B0072FC8000100A10001 /* Build configuration list for PBXNativeTarget "RxCodeUITests" */;
			buildPhases = (
				6E17B0082FC8000100A10001 /* Sources */,
				6E17B0052FC8000100A10001 /* Frameworks */,
				6E17B0092FC8000100A10001 /* Resources */,
			);
			buildRules = (
			);
			dependencies = (
				6E17B00A2FC8000100A10001 /* PBXTargetDependency */,
			);
			name = RxCodeUITests;
			packageProductDependencies = (
			);
			productName = RxCodeUITests;
			productReference = 6E17B0032FC8000100A10001 /* RxCodeUITests.xctest */;
			productType = "com.apple.product-type.bundle.ui-testing";
		};
		DF230B4E2FBC7367008929A6 /* RxCodeMobile */ = {
			isa = PBXNativeTarget;
			buildConfigurationList = DF230B782FBC7368008929A6 /* Build configuration list for PBXNativeTarget "RxCodeMobile" */;
			buildPhases = (
				DF230B4B2FBC7367008929A6 /* Sources */,
				DF230B4C2FBC7367008929A6 /* Frameworks */,
				DF230B4D2FBC7367008929A6 /* Resources */,
			);
			buildRules = (
			);
			dependencies = (
			);
			fileSystemSynchronizedGroups = (
				DF230B502FBC7367008929A6 /* RxCodeMobile */,
			);
			name = RxCodeMobile;
			packageProductDependencies = (
				DF230B9E2FBC73BA008929A6 /* RxCodeChatKit */,
				DF230BA02FBC73BA008929A6 /* RxCodeCore */,
				DF230BA22FBC73BA008929A6 /* RxCodeSync */,
			);
			productName = RxCodeMobile;
			productReference = DF230B4F2FBC7367008929A6 /* RxCodeMobile.app */;
			productType = "com.apple.product-type.application.on-demand-install-capable";
		};
		DF230B5E2FBC7368008929A6 /* RxCodeMobileTests */ = {
			isa = PBXNativeTarget;
			buildConfigurationList = DF230B792FBC7368008929A6 /* Build configuration list for PBXNativeTarget "RxCodeMobileTests" */;
			buildPhases = (
				DF230B5B2FBC7368008929A6 /* Sources */,
				DF230B5C2FBC7368008929A6 /* Frameworks */,
				DF230B5D2FBC7368008929A6 /* Resources */,
			);
			buildRules = (
			);
			dependencies = (
				DF230B612FBC7368008929A6 /* PBXTargetDependency */,
			);
			fileSystemSynchronizedGroups = (
				DF230B622FBC7368008929A6 /* RxCodeMobileTests */,
			);
			name = RxCodeMobileTests;
			packageProductDependencies = (
			);
			productName = RxCodeMobileTests;
			productReference = DF230B5F2FBC7368008929A6 /* RxCodeMobileTests.xctest */;
			productType = "com.apple.product-type.bundle.unit-test";
		};
		DF230B682FBC7368008929A6 /* RxCodeMobileUITests */ = {
			isa = PBXNativeTarget;
			buildConfigurationList = DF230B7A2FBC7368008929A6 /* Build configuration list for PBXNativeTarget "RxCodeMobileUITests" */;
			buildPhases = (
				DF230B652FBC7368008929A6 /* Sources */,
				DF230B662FBC7368008929A6 /* Frameworks */,
				DF230B672FBC7368008929A6 /* Resources */,
			);
			buildRules = (
			);
			dependencies = (
				DF230B6B2FBC7368008929A6 /* PBXTargetDependency */,
			);
			fileSystemSynchronizedGroups = (
				DF230B6C2FBC7368008929A6 /* RxCodeMobileUITests */,
			);
			name = RxCodeMobileUITests;
			packageProductDependencies = (
				DF230B982FBC738D008929A6 /* RxCodeChatKit */,
				DF230B9A2FBC738D008929A6 /* RxCodeCore */,
				DF230B9C2FBC738D008929A6 /* RxCodeSync */,
			);
			productName = RxCodeMobileUITests;
			productReference = DF230B692FBC7368008929A6 /* RxCodeMobileUITests.xctest */;
			productType = "com.apple.product-type.bundle.ui-testing";
		};
		E67335372F7356F600FD26C7 /* RxCode */ = {
			isa = PBXNativeTarget;
			buildConfigurationList = E67335432F7356F700FD26C7 /* Build configuration list for PBXNativeTarget "RxCode" */;
			buildPhases = (
				E67335342F7356F600FD26C7 /* Sources */,
				E67335352F7356F600FD26C7 /* Frameworks */,
				E67335362F7356F600FD26C7 /* Resources */,
			);
			buildRules = (
			);
			dependencies = (
			);
			fileSystemSynchronizedGroups = (
				E673353A2F7356F600FD26C7 /* RxCode */,
			);
			name = RxCode;
			packageProductDependencies = (
				E6A001012F8A000100000001 /* SwiftTerm */,
				E6C001012F9B000100000001 /* Sparkle */,
				E6D001012FA0000100000001 /* RxCodeCore */,
				E6D001022FA0000100000001 /* RxCodeChatKit */,
				E6D001062FA0000100000001 /* RxCodeSync */,
				DF23FF1C2FBB42F7008929A6 /* WaterfallGrid */,
			);
			productName = RxCode;
			productReference = E67335382F7356F600FD26C7 /* RxCode.app */;
			productType = "com.apple.product-type.application";
		};
/* End PBXNativeTarget section */

/* Begin PBXProject section */
		E67335302F7356F600FD26C7 /* Project object */ = {
			isa = PBXProject;
			attributes = {
				BuildIndependentTargetsInParallel = 1;
				LastSwiftUpdateCheck = 2630;
				LastUpgradeCheck = 2630;
				TargetAttributes = {
					DF230B4E2FBC7367008929A6 = {
						CreatedOnToolsVersion = 26.3;
					};
					DF230B5E2FBC7368008929A6 = {
						CreatedOnToolsVersion = 26.3;
						TestTargetID = DF230B4E2FBC7367008929A6;
					};
					DF230B682FBC7368008929A6 = {
						CreatedOnToolsVersion = 26.3;
						TestTargetID = DF230B4E2FBC7367008929A6;
					};
					E67335372F7356F600FD26C7 = {
						CreatedOnToolsVersion = 26.3;
					};
				};
			};
			buildConfigurationList = E67335332F7356F600FD26C7 /* Build configuration list for PBXProject "RxCode" */;
			developmentRegion = en;
			hasScannedForEncodings = 0;
			knownRegions = (
				en,
				ko,
				Base,
			);
			mainGroup = E673352F2F7356F600FD26C7;
			minimizedProjectReferenceProxies = 1;
			packageReferences = (
				E6A001002F8A000100000001 /* XCRemoteSwiftPackageReference "SwiftTerm" */,
				E6C001002F9B000100000001 /* XCRemoteSwiftPackageReference "Sparkle" */,
				E6D001002FA0000100000001 /* XCLocalSwiftPackageReference "Packages" */,
				DF06CCCF2FB4CAB5005991E1 /* XCRemoteSwiftPackageReference "ViewInspector" */,
				DF23FF1B2FBB42F7008929A6 /* XCRemoteSwiftPackageReference "WaterfallGrid" */,
			);
			preferredProjectObjectVersion = 77;
			productRefGroup = E67335392F7356F600FD26C7 /* Products */;
			projectDirPath = "";
			projectRoot = "";
			targets = (
				E67335372F7356F600FD26C7 /* RxCode */,
				5D74FE7B782850D23F8D9BF7 /* RxCodeTests */,
				6E17B0062FC8000100A10001 /* RxCodeUITests */,
				DF230B4E2FBC7367008929A6 /* RxCodeMobile */,
				DF230B5E2FBC7368008929A6 /* RxCodeMobileTests */,
				DF230B682FBC7368008929A6 /* RxCodeMobileUITests */,
			);
		};
/* End PBXProject section */

/* Begin PBXResourcesBuildPhase section */
		6E17B0092FC8000100A10001 /* Resources */ = {
			isa = PBXResourcesBuildPhase;
			buildActionMask = 2147483647;
			files = (
			);
			runOnlyForDeploymentPostprocessing = 0;
		};
		AB14AE27D09CB3D7C28C9888 /* Resources */ = {
			isa = PBXResourcesBuildPhase;
			buildActionMask = 2147483647;
			files = (
			);
			runOnlyForDeploymentPostprocessing = 0;
		};
		DF230B4D2FBC7367008929A6 /* Resources */ = {
			isa = PBXResourcesBuildPhase;
			buildActionMask = 2147483647;
			files = (
			);
			runOnlyForDeploymentPostprocessing = 0;
		};
		DF230B5D2FBC7368008929A6 /* Resources */ = {
			isa = PBXResourcesBuildPhase;
			buildActionMask = 2147483647;
			files = (
			);
			runOnlyForDeploymentPostprocessing = 0;
		};
		DF230B672FBC7368008929A6 /* Resources */ = {
			isa = PBXResourcesBuildPhase;
			buildActionMask = 2147483647;
			files = (
			);
			runOnlyForDeploymentPostprocessing = 0;
		};
		E67335362F7356F600FD26C7 /* Resources */ = {
			isa = PBXResourcesBuildPhase;
			buildActionMask = 2147483647;
			files = (
				DF06DCC72FB8552B005991E1 /* UnitTestPlan.xctestplan in Resources */,
				DF23F7362FB8C3EC008929A6 /* icon.icon in Resources */,
			);
			runOnlyForDeploymentPostprocessing = 0;
		};
/* End PBXResourcesBuildPhase section */

/* Begin PBXSourcesBuildPhase section */
		6E17B0082FC8000100A10001 /* Sources */ = {
			isa = PBXSourcesBuildPhase;
			buildActionMask = 2147483647;
			files = (
				6E17B0012FC8000100A10001 /* LocalAIProviderAcceptanceTests.swift in Sources */,
			);
			runOnlyForDeploymentPostprocessing = 0;
		};
		AEA1371373E1E06A1A8F340A /* Sources */ = {
			isa = PBXSourcesBuildPhase;
			buildActionMask = 2147483647;
			files = (
				33993F0F87CF4DB09F2813A8 /* AppStateProjectSwitchTests.swift in Sources */,
				DFA0CCD12FB4CC01005991E1 /* PlanDecisionTests.swift in Sources */,
				DFA0CCD22FB4CC01005991E1 /* PlanCardViewTests.swift in Sources */,
				DFA0CCE12FB4CC02005991E1 /* HistoryListArchiveFilterTests.swift in Sources */,
			);
			runOnlyForDeploymentPostprocessing = 0;
		};
		DF230B4B2FBC7367008929A6 /* Sources */ = {
			isa = PBXSourcesBuildPhase;
			buildActionMask = 2147483647;
			files = (
			);
			runOnlyForDeploymentPostprocessing = 0;
		};
		DF230B5B2FBC7368008929A6 /* Sources */ = {
			isa = PBXSourcesBuildPhase;
			buildActionMask = 2147483647;
			files = (
			);
			runOnlyForDeploymentPostprocessing = 0;
		};
		DF230B652FBC7368008929A6 /* Sources */ = {
			isa = PBXSourcesBuildPhase;
			buildActionMask = 2147483647;
			files = (
			);
			runOnlyForDeploymentPostprocessing = 0;
		};
		E67335342F7356F600FD26C7 /* Sources */ = {
			isa = PBXSourcesBuildPhase;
			buildActionMask = 2147483647;
			files = (
			);
			runOnlyForDeploymentPostprocessing = 0;
		};
/* End PBXSourcesBuildPhase section */

/* Begin PBXTargetDependency section */
		6E17B00A2FC8000100A10001 /* PBXTargetDependency */ = {
			isa = PBXTargetDependency;
			name = RxCode;
			target = E67335372F7356F600FD26C7 /* RxCode */;
			targetProxy = 6E17B0022FC8000100A10001 /* PBXContainerItemProxy */;
		};
		BC9DD9CE1DAA92D5D395C09C /* PBXTargetDependency */ = {
			isa = PBXTargetDependency;
			name = RxCode;
			target = E67335372F7356F600FD26C7 /* RxCode */;
			targetProxy = 35C1B17CDEF83F212F648418 /* PBXContainerItemProxy */;
		};
		DF230B612FBC7368008929A6 /* PBXTargetDependency */ = {
			isa = PBXTargetDependency;
			target = DF230B4E2FBC7367008929A6 /* RxCodeMobile */;
			targetProxy = DF230B602FBC7368008929A6 /* PBXContainerItemProxy */;
		};
		DF230B6B2FBC7368008929A6 /* PBXTargetDependency */ = {
			isa = PBXTargetDependency;
			target = DF230B4E2FBC7367008929A6 /* RxCodeMobile */;
			targetProxy = DF230B6A2FBC7368008929A6 /* PBXContainerItemProxy */;
		};
/* End PBXTargetDependency section */

/* Begin XCBuildConfiguration section */
		02A62B703D95ABAB7DBCD893 /* Debug */ = {
			isa = XCBuildConfiguration;
			buildSettings = {
				BUNDLE_LOADER = "$(TEST_HOST)";
				DEVELOPMENT_TEAM = P9KK452K8P;
				GENERATE_INFOPLIST_FILE = YES;
				MACOSX_DEPLOYMENT_TARGET = 26.0;
				PRODUCT_NAME = RxCodeTests;
				SDKROOT = macosx;
				SWIFT_VERSION = 6.0;
				TEST_HOST = "$(BUILT_PRODUCTS_DIR)/RxCode.app/Contents/MacOS/RxCode";
			};
			name = Debug;
		};
		6E17B00B2FC8000100A10001 /* Debug */ = {
			isa = XCBuildConfiguration;
			buildSettings = {
				DEVELOPMENT_TEAM = P9KK452K8P;
				GENERATE_INFOPLIST_FILE = YES;
				MACOSX_DEPLOYMENT_TARGET = 26.0;
				PRODUCT_BUNDLE_IDENTIFIER = com.idealapp.RxCodeUITests;
				PRODUCT_NAME = "$(TARGET_NAME)";
				SDKROOT = macosx;
				SWIFT_VERSION = 6.0;
				TEST_TARGET_NAME = RxCode;
			};
			name = Debug;
		};
		6E17B00C2FC8000100A10001 /* Release */ = {
			isa = XCBuildConfiguration;
			buildSettings = {
				DEVELOPMENT_TEAM = P9KK452K8P;
				GENERATE_INFOPLIST_FILE = YES;
				MACOSX_DEPLOYMENT_TARGET = 26.0;
				PRODUCT_BUNDLE_IDENTIFIER = com.idealapp.RxCodeUITests;
				PRODUCT_NAME = "$(TARGET_NAME)";
				SDKROOT = macosx;
				SWIFT_VERSION = 6.0;
				TEST_TARGET_NAME = RxCode;
			};
			name = Release;
		};
		AD9E27433C08ABBEF721A8A6 /* Release */ = {
			isa = XCBuildConfiguration;
			buildSettings = {
				BUNDLE_LOADER = "$(TEST_HOST)";
				DEVELOPMENT_TEAM = P9KK452K8P;
				GENERATE_INFOPLIST_FILE = YES;
				MACOSX_DEPLOYMENT_TARGET = 26.0;
				PRODUCT_NAME = RxCodeTests;
				SDKROOT = macosx;
				SWIFT_VERSION = 6.0;
				TEST_HOST = "$(BUILT_PRODUCTS_DIR)/RxCode.app/Contents/MacOS/RxCode";
			};
			name = Release;
		};
		DF230B712FBC7368008929A6 /* Debug */ = {
			isa = XCBuildConfiguration;
			buildSettings = {
				ASSETCATALOG_COMPILER_APPICON_NAME = AppIcon;
				ASSETCATALOG_COMPILER_GLOBAL_ACCENT_COLOR_NAME = AccentColor;
				CODE_SIGN_ENTITLEMENTS = RxCodeMobile/RxCodeMobile.entitlements;
				CODE_SIGN_STYLE = Automatic;
				CURRENT_PROJECT_VERSION = 1;
				DEVELOPMENT_TEAM = P9KK452K8P;
				ENABLE_PREVIEWS = YES;
				GENERATE_INFOPLIST_FILE = YES;
				INFOPLIST_FILE = RxCodeMobile/Info.plist;
				INFOPLIST_KEY_CFBundleDisplayName = "___ASSOCIATEDTARGET_bundleDisplayName___";
				INFOPLIST_KEY_UIApplicationSceneManifest_Generation = YES;
				INFOPLIST_KEY_UIApplicationSupportsIndirectInputEvents = YES;
				INFOPLIST_KEY_UILaunchScreen_Generation = YES;
				INFOPLIST_KEY_UISupportedInterfaceOrientations_iPad = "UIInterfaceOrientationPortrait UIInterfaceOrientationPortraitUpsideDown UIInterfaceOrientationLandscapeLeft UIInterfaceOrientationLandscapeRight";
				INFOPLIST_KEY_UISupportedInterfaceOrientations_iPhone = "UIInterfaceOrientationPortrait UIInterfaceOrientationLandscapeLeft UIInterfaceOrientationLandscapeRight";
				IPHONEOS_DEPLOYMENT_TARGET = 26.2;
				LD_RUNPATH_SEARCH_PATHS = (
					"$(inherited)",
					"@executable_path/Frameworks",
				);
				MARKETING_VERSION = 1.0;
				PRODUCT_BUNDLE_IDENTIFIER = rxlab.Clip;
				PRODUCT_NAME = "$(TARGET_NAME)";
				SDKROOT = iphoneos;
				STRING_CATALOG_GENERATE_SYMBOLS = YES;
				SWIFT_APPROACHABLE_CONCURRENCY = YES;
				SWIFT_DEFAULT_ACTOR_ISOLATION = MainActor;
				SWIFT_EMIT_LOC_STRINGS = YES;
				SWIFT_UPCOMING_FEATURE_MEMBER_IMPORT_VISIBILITY = YES;
				SWIFT_VERSION = 5.0;
				TARGETED_DEVICE_FAMILY = "1,2";
			};
			name = Debug;
		};
		DF230B722FBC7368008929A6 /* Release */ = {
			isa = XCBuildConfiguration;
			buildSettings = {
				ASSETCATALOG_COMPILER_APPICON_NAME = AppIcon;
				ASSETCATALOG_COMPILER_GLOBAL_ACCENT_COLOR_NAME = AccentColor;
				CODE_SIGN_ENTITLEMENTS = RxCodeMobile/RxCodeMobile.entitlements;
				CODE_SIGN_STYLE = Automatic;
				CURRENT_PROJECT_VERSION = 1;
				DEVELOPMENT_TEAM = P9KK452K8P;
				ENABLE_PREVIEWS = YES;
				GENERATE_INFOPLIST_FILE = YES;
				INFOPLIST_FILE = RxCodeMobile/Info.plist;
				INFOPLIST_KEY_CFBundleDisplayName = "___ASSOCIATEDTARGET_bundleDisplayName___";
				INFOPLIST_KEY_UIApplicationSceneManifest_Generation = YES;
				INFOPLIST_KEY_UIApplicationSupportsIndirectInputEvents = YES;
				INFOPLIST_KEY_UILaunchScreen_Generation = YES;
				INFOPLIST_KEY_UISupportedInterfaceOrientations_iPad = "UIInterfaceOrientationPortrait UIInterfaceOrientationPortraitUpsideDown UIInterfaceOrientationLandscapeLeft UIInterfaceOrientationLandscapeRight";
				INFOPLIST_KEY_UISupportedInterfaceOrientations_iPhone = "UIInterfaceOrientationPortrait UIInterfaceOrientationLandscapeLeft UIInterfaceOrientationLandscapeRight";
				IPHONEOS_DEPLOYMENT_TARGET = 26.2;
				LD_RUNPATH_SEARCH_PATHS = (
					"$(inherited)",
					"@executable_path/Frameworks",
				);
				MARKETING_VERSION = 1.0;
				PRODUCT_BUNDLE_IDENTIFIER = rxlab.Clip;
				PRODUCT_NAME = "$(TARGET_NAME)";
				SDKROOT = iphoneos;
				STRING_CATALOG_GENERATE_SYMBOLS = YES;
				SWIFT_APPROACHABLE_CONCURRENCY = YES;
				SWIFT_DEFAULT_ACTOR_ISOLATION = MainActor;
				SWIFT_EMIT_LOC_STRINGS = YES;
				SWIFT_UPCOMING_FEATURE_MEMBER_IMPORT_VISIBILITY = YES;
				SWIFT_VERSION = 5.0;
				TARGETED_DEVICE_FAMILY = "1,2";
				VALIDATE_PRODUCT = YES;
			};
			name = Release;
		};
		DF230B732FBC7368008929A6 /* Debug */ = {
			isa = XCBuildConfiguration;
			buildSettings = {
				BUNDLE_LOADER = "$(TEST_HOST)";
				CODE_SIGN_STYLE = Automatic;
				CURRENT_PROJECT_VERSION = 1;
				DEVELOPMENT_TEAM = P9KK452K8P;
				GENERATE_INFOPLIST_FILE = YES;
				IPHONEOS_DEPLOYMENT_TARGET = 26.2;
				MARKETING_VERSION = 1.0;
				PRODUCT_BUNDLE_IDENTIFIER = rxlab.RxCodeMobileTests;
				PRODUCT_NAME = "$(TARGET_NAME)";
				SDKROOT = iphoneos;
				STRING_CATALOG_GENERATE_SYMBOLS = NO;
				SWIFT_APPROACHABLE_CONCURRENCY = YES;
				SWIFT_EMIT_LOC_STRINGS = NO;
				SWIFT_UPCOMING_FEATURE_MEMBER_IMPORT_VISIBILITY = YES;
				SWIFT_VERSION = 5.0;
				TARGETED_DEVICE_FAMILY = "1,2";
				TEST_HOST = "$(BUILT_PRODUCTS_DIR)/RxCodeMobile.app/$(BUNDLE_EXECUTABLE_FOLDER_PATH)/RxCodeMobile";
			};
			name = Debug;
		};
		DF230B742FBC7368008929A6 /* Release */ = {
			isa = XCBuildConfiguration;
			buildSettings = {
				BUNDLE_LOADER = "$(TEST_HOST)";
				CODE_SIGN_STYLE = Automatic;
				CURRENT_PROJECT_VERSION = 1;
				DEVELOPMENT_TEAM = P9KK452K8P;
				GENERATE_INFOPLIST_FILE = YES;
				IPHONEOS_DEPLOYMENT_TARGET = 26.2;
				MARKETING_VERSION = 1.0;
				PRODUCT_BUNDLE_IDENTIFIER = rxlab.RxCodeMobileTests;
				PRODUCT_NAME = "$(TARGET_NAME)";
				SDKROOT = iphoneos;
				STRING_CATALOG_GENERATE_SYMBOLS = NO;
				SWIFT_APPROACHABLE_CONCURRENCY = YES;
				SWIFT_EMIT_LOC_STRINGS = NO;
				SWIFT_UPCOMING_FEATURE_MEMBER_IMPORT_VISIBILITY = YES;
				SWIFT_VERSION = 5.0;
				TARGETED_DEVICE_FAMILY = "1,2";
				TEST_HOST = "$(BUILT_PRODUCTS_DIR)/RxCodeMobile.app/$(BUNDLE_EXECUTABLE_FOLDER_PATH)/RxCodeMobile";
				VALIDATE_PRODUCT = YES;
			};
			name = Release;
		};
		DF230B752FBC7368008929A6 /* Debug */ = {
			isa = XCBuildConfiguration;
			buildSettings = {
				CODE_SIGN_STYLE = Automatic;
				CURRENT_PROJECT_VERSION = 1;
				DEVELOPMENT_TEAM = P9KK452K8P;
				GENERATE_INFOPLIST_FILE = YES;
				IPHONEOS_DEPLOYMENT_TARGET = 26.2;
				MARKETING_VERSION = 1.0;
				PRODUCT_BUNDLE_IDENTIFIER = rxlab.RxCodeMobileUITests;
				PRODUCT_NAME = "$(TARGET_NAME)";
				SDKROOT = iphoneos;
				STRING_CATALOG_GENERATE_SYMBOLS = NO;
				SWIFT_APPROACHABLE_CONCURRENCY = YES;
				SWIFT_EMIT_LOC_STRINGS = NO;
				SWIFT_UPCOMING_FEATURE_MEMBER_IMPORT_VISIBILITY = YES;
				SWIFT_VERSION = 5.0;
				TARGETED_DEVICE_FAMILY = "1,2";
				TEST_TARGET_NAME = RxCodeMobile;
			};
			name = Debug;
		};
		DF230B762FBC7368008929A6 /* Release */ = {
			isa = XCBuildConfiguration;
			buildSettings = {
				CODE_SIGN_STYLE = Automatic;
				CURRENT_PROJECT_VERSION = 1;
				DEVELOPMENT_TEAM = P9KK452K8P;
				GENERATE_INFOPLIST_FILE = YES;
				IPHONEOS_DEPLOYMENT_TARGET = 26.2;
				MARKETING_VERSION = 1.0;
				PRODUCT_BUNDLE_IDENTIFIER = rxlab.RxCodeMobileUITests;
				PRODUCT_NAME = "$(TARGET_NAME)";
				SDKROOT = iphoneos;
				STRING_CATALOG_GENERATE_SYMBOLS = NO;
				SWIFT_APPROACHABLE_CONCURRENCY = YES;
				SWIFT_EMIT_LOC_STRINGS = NO;
				SWIFT_UPCOMING_FEATURE_MEMBER_IMPORT_VISIBILITY = YES;
				SWIFT_VERSION = 5.0;
				TARGETED_DEVICE_FAMILY = "1,2";
				TEST_TARGET_NAME = RxCodeMobile;
				VALIDATE_PRODUCT = YES;
			};
			name = Release;
		};
		E67335412F7356F700FD26C7 /* Debug */ = {
			isa = XCBuildConfiguration;
			buildSettings = {
				ALWAYS_SEARCH_USER_PATHS = NO;
				ASSETCATALOG_COMPILER_GENERATE_SWIFT_ASSET_SYMBOL_EXTENSIONS = YES;
				CLANG_ANALYZER_NONNULL = YES;
				CLANG_ANALYZER_NUMBER_OBJECT_CONVERSION = YES_AGGRESSIVE;
				CLANG_CXX_LANGUAGE_STANDARD = "gnu++20";
				CLANG_ENABLE_MODULES = YES;
				CLANG_ENABLE_OBJC_ARC = YES;
				CLANG_ENABLE_OBJC_WEAK = YES;
				CLANG_WARN_BLOCK_CAPTURE_AUTORELEASING = YES;
				CLANG_WARN_BOOL_CONVERSION = YES;
				CLANG_WARN_COMMA = YES;
				CLANG_WARN_CONSTANT_CONVERSION = YES;
				CLANG_WARN_DEPRECATED_OBJC_IMPLEMENTATIONS = YES;
				CLANG_WARN_DIRECT_OBJC_ISA_USAGE = YES_ERROR;
				CLANG_WARN_DOCUMENTATION_COMMENTS = YES;
				CLANG_WARN_EMPTY_BODY = YES;
				CLANG_WARN_ENUM_CONVERSION = YES;
				CLANG_WARN_INFINITE_RECURSION = YES;
				CLANG_WARN_INT_CONVERSION = YES;
				CLANG_WARN_NON_LITERAL_NULL_CONVERSION = YES;
				CLANG_WARN_OBJC_IMPLICIT_RETAIN_SELF = YES;
				CLANG_WARN_OBJC_LITERAL_CONVERSION = YES;
				CLANG_WARN_OBJC_ROOT_CLASS = YES_ERROR;
				CLANG_WARN_QUOTED_INCLUDE_IN_FRAMEWORK_HEADER = YES;
				CLANG_WARN_RANGE_LOOP_ANALYSIS = YES;
				CLANG_WARN_STRICT_PROTOTYPES = YES;
				CLANG_WARN_SUSPICIOUS_MOVE = YES;
				CLANG_WARN_UNGUARDED_AVAILABILITY = YES_AGGRESSIVE;
				CLANG_WARN_UNREACHABLE_CODE = YES;
				CLANG_WARN__DUPLICATE_METHOD_MATCH = YES;
				COPY_PHASE_STRIP = NO;
				DEBUG_INFORMATION_FORMAT = dwarf;
				DEVELOPMENT_TEAM = 27WJDMWS6V;
				ENABLE_STRICT_OBJC_MSGSEND = YES;
				ENABLE_TESTABILITY = YES;
				ENABLE_USER_SCRIPT_SANDBOXING = YES;
				GCC_C_LANGUAGE_STANDARD = gnu17;
				GCC_DYNAMIC_NO_PIC = NO;
				GCC_NO_COMMON_BLOCKS = YES;
				GCC_OPTIMIZATION_LEVEL = 0;
				GCC_PREPROCESSOR_DEFINITIONS = (
					"DEBUG=1",
					"$(inherited)",
				);
				GCC_WARN_64_TO_32_BIT_CONVERSION = YES;
				GCC_WARN_ABOUT_RETURN_TYPE = YES_ERROR;
				GCC_WARN_UNDECLARED_SELECTOR = YES;
				GCC_WARN_UNINITIALIZED_AUTOS = YES_AGGRESSIVE;
				GCC_WARN_UNUSED_FUNCTION = YES;
				GCC_WARN_UNUSED_VARIABLE = YES;
				LOCALIZATION_PREFERS_STRING_CATALOGS = YES;
				MACOSX_DEPLOYMENT_TARGET = 26.0;
				MTL_ENABLE_DEBUG_INFO = INCLUDE_SOURCE;
				MTL_FAST_MATH = YES;
				ONLY_ACTIVE_ARCH = YES;
				SDKROOT = macosx;
				SWIFT_ACTIVE_COMPILATION_CONDITIONS = "DEBUG $(inherited)";
				SWIFT_OPTIMIZATION_LEVEL = "-Onone";
			};
			name = Debug;
		};
		E67335422F7356F700FD26C7 /* Release */ = {
			isa = XCBuildConfiguration;
			buildSettings = {
				ALWAYS_SEARCH_USER_PATHS = NO;
				ASSETCATALOG_COMPILER_GENERATE_SWIFT_ASSET_SYMBOL_EXTENSIONS = YES;
				CLANG_ANALYZER_NONNULL = YES;
				CLANG_ANALYZER_NUMBER_OBJECT_CONVERSION = YES_AGGRESSIVE;
				CLANG_CXX_LANGUAGE_STANDARD = "gnu++20";
				CLANG_ENABLE_MODULES = YES;
				CLANG_ENABLE_OBJC_ARC = YES;
				CLANG_ENABLE_OBJC_WEAK = YES;
				CLANG_WARN_BLOCK_CAPTURE_AUTORELEASING = YES;
				CLANG_WARN_BOOL_CONVERSION = YES;
				CLANG_WARN_COMMA = YES;
				CLANG_WARN_CONSTANT_CONVERSION = YES;
				CLANG_WARN_DEPRECATED_OBJC_IMPLEMENTATIONS = YES;
				CLANG_WARN_DIRECT_OBJC_ISA_USAGE = YES_ERROR;
				CLANG_WARN_DOCUMENTATION_COMMENTS = YES;
				CLANG_WARN_EMPTY_BODY = YES;
				CLANG_WARN_ENUM_CONVERSION = YES;
				CLANG_WARN_INFINITE_RECURSION = YES;
				CLANG_WARN_INT_CONVERSION = YES;
				CLANG_WARN_NON_LITERAL_NULL_CONVERSION = YES;
				CLANG_WARN_OBJC_IMPLICIT_RETAIN_SELF = YES;
				CLANG_WARN_OBJC_LITERAL_CONVERSION = YES;
				CLANG_WARN_OBJC_ROOT_CLASS = YES_ERROR;
				CLANG_WARN_QUOTED_INCLUDE_IN_FRAMEWORK_HEADER = YES;
				CLANG_WARN_RANGE_LOOP_ANALYSIS = YES;
				CLANG_WARN_STRICT_PROTOTYPES = YES;
				CLANG_WARN_SUSPICIOUS_MOVE = YES;
				CLANG_WARN_UNGUARDED_AVAILABILITY = YES_AGGRESSIVE;
				CLANG_WARN_UNREACHABLE_CODE = YES;
				CLANG_WARN__DUPLICATE_METHOD_MATCH = YES;
				COPY_PHASE_STRIP = NO;
				DEBUG_INFORMATION_FORMAT = "dwarf-with-dsym";
				DEVELOPMENT_TEAM = 27WJDMWS6V;
				ENABLE_NS_ASSERTIONS = NO;
				ENABLE_STRICT_OBJC_MSGSEND = YES;
				ENABLE_USER_SCRIPT_SANDBOXING = YES;
				GCC_C_LANGUAGE_STANDARD = gnu17;
				GCC_NO_COMMON_BLOCKS = YES;
				GCC_WARN_64_TO_32_BIT_CONVERSION = YES;
				GCC_WARN_ABOUT_RETURN_TYPE = YES_ERROR;
				GCC_WARN_UNDECLARED_SELECTOR = YES;
				GCC_WARN_UNINITIALIZED_AUTOS = YES_AGGRESSIVE;
				GCC_WARN_UNUSED_FUNCTION = YES;
				GCC_WARN_UNUSED_VARIABLE = YES;
				LOCALIZATION_PREFERS_STRING_CATALOGS = YES;
				MACOSX_DEPLOYMENT_TARGET = 26.0;
				MTL_ENABLE_DEBUG_INFO = NO;
				MTL_FAST_MATH = YES;
				SDKROOT = macosx;
				SWIFT_COMPILATION_MODE = wholemodule;
			};
			name = Release;
		};
		E67335442F7356F700FD26C7 /* Debug */ = {
			isa = XCBuildConfiguration;
			buildSettings = {
				ASSETCATALOG_COMPILER_APPICON_NAME = icon;
				ASSETCATALOG_COMPILER_GLOBAL_ACCENT_COLOR_NAME = AccentColor;
				CODE_SIGN_STYLE = Automatic;
				COMBINE_HIDPI_IMAGES = YES;
				CURRENT_PROJECT_VERSION = 24;
				DEVELOPMENT_TEAM = P9KK452K8P;
				ENABLE_APP_SANDBOX = NO;
				ENABLE_HARDENED_RUNTIME = YES;
				ENABLE_PREVIEWS = YES;
				ENABLE_USER_SELECTED_FILES = readonly;
				GENERATE_INFOPLIST_FILE = NO;
				INFOPLIST_FILE = RxCode/Info.plist;
				INFOPLIST_KEY_LSApplicationCategoryType = "public.app-category.utilities";
				LD_RUNPATH_SEARCH_PATHS = (
					"$(inherited)",
					"@executable_path/../Frameworks",
				);
				MACOSX_DEPLOYMENT_TARGET = 26.0;
				MARKETING_VERSION = 1.2.5;
				PRODUCT_BUNDLE_IDENTIFIER = com.rxlab.RxCode;
				PRODUCT_NAME = "$(TARGET_NAME)";
				REGISTER_APP_GROUPS = YES;
				STRING_CATALOG_GENERATE_SYMBOLS = YES;
				SWIFT_APPROACHABLE_CONCURRENCY = YES;
				SWIFT_DEFAULT_ACTOR_ISOLATION = MainActor;
				SWIFT_EMIT_LOC_STRINGS = YES;
				SWIFT_UPCOMING_FEATURE_MEMBER_IMPORT_VISIBILITY = YES;
				SWIFT_VERSION = 5.0;
			};
			name = Debug;
		};
		E67335452F7356F700FD26C7 /* Release */ = {
			isa = XCBuildConfiguration;
			buildSettings = {
				ASSETCATALOG_COMPILER_APPICON_NAME = icon;
				ASSETCATALOG_COMPILER_GLOBAL_ACCENT_COLOR_NAME = AccentColor;
				CODE_SIGN_STYLE = Automatic;
				COMBINE_HIDPI_IMAGES = YES;
				CURRENT_PROJECT_VERSION = 24;
				DEVELOPMENT_TEAM = P9KK452K8P;
				ENABLE_APP_SANDBOX = NO;
				ENABLE_HARDENED_RUNTIME = YES;
				ENABLE_PREVIEWS = YES;
				ENABLE_USER_SELECTED_FILES = readonly;
				GENERATE_INFOPLIST_FILE = NO;
				INFOPLIST_FILE = RxCode/Info.plist;
				INFOPLIST_KEY_LSApplicationCategoryType = "public.app-category.utilities";
				LD_RUNPATH_SEARCH_PATHS = (
					"$(inherited)",
					"@executable_path/../Frameworks",
				);
				MACOSX_DEPLOYMENT_TARGET = 26.0;
				MARKETING_VERSION = 1.2.5;
				PRODUCT_BUNDLE_IDENTIFIER = com.rxlab.RxCode;
				PRODUCT_NAME = "$(TARGET_NAME)";
				REGISTER_APP_GROUPS = YES;
				STRING_CATALOG_GENERATE_SYMBOLS = YES;
				SWIFT_APPROACHABLE_CONCURRENCY = YES;
				SWIFT_DEFAULT_ACTOR_ISOLATION = MainActor;
				SWIFT_EMIT_LOC_STRINGS = YES;
				SWIFT_UPCOMING_FEATURE_MEMBER_IMPORT_VISIBILITY = YES;
				SWIFT_VERSION = 5.0;
			};
			name = Release;
		};
/* End XCBuildConfiguration section */

/* Begin XCConfigurationList section */
		50524686CA1336CE22A6C2C3 /* Build configuration list for PBXNativeTarget "RxCodeTests" */ = {
			isa = XCConfigurationList;
			buildConfigurations = (
				AD9E27433C08ABBEF721A8A6 /* Release */,
				02A62B703D95ABAB7DBCD893 /* Debug */,
			);
			defaultConfigurationIsVisible = 0;
			defaultConfigurationName = Release;
		};
		6E17B0072FC8000100A10001 /* Build configuration list for PBXNativeTarget "RxCodeUITests" */ = {
			isa = XCConfigurationList;
			buildConfigurations = (
				6E17B00C2FC8000100A10001 /* Release */,
				6E17B00B2FC8000100A10001 /* Debug */,
			);
			defaultConfigurationIsVisible = 0;
			defaultConfigurationName = Release;
		};
		DF230B782FBC7368008929A6 /* Build configuration list for PBXNativeTarget "RxCodeMobile" */ = {
			isa = XCConfigurationList;
			buildConfigurations = (
				DF230B712FBC7368008929A6 /* Debug */,
				DF230B722FBC7368008929A6 /* Release */,
			);
			defaultConfigurationIsVisible = 0;
			defaultConfigurationName = Release;
		};
		DF230B792FBC7368008929A6 /* Build configuration list for PBXNativeTarget "RxCodeMobileTests" */ = {
			isa = XCConfigurationList;
			buildConfigurations = (
				DF230B732FBC7368008929A6 /* Debug */,
				DF230B742FBC7368008929A6 /* Release */,
			);
			defaultConfigurationIsVisible = 0;
			defaultConfigurationName = Release;
		};
		DF230B7A2FBC7368008929A6 /* Build configuration list for PBXNativeTarget "RxCodeMobileUITests" */ = {
			isa = XCConfigurationList;
			buildConfigurations = (
				DF230B752FBC7368008929A6 /* Debug */,
				DF230B762FBC7368008929A6 /* Release */,
			);
			defaultConfigurationIsVisible = 0;
			defaultConfigurationName = Release;
		};
		E67335332F7356F600FD26C7 /* Build configuration list for PBXProject "RxCode" */ = {
			isa = XCConfigurationList;
			buildConfigurations = (
				E67335412F7356F700FD26C7 /* Debug */,
				E67335422F7356F700FD26C7 /* Release */,
			);
			defaultConfigurationIsVisible = 0;
			defaultConfigurationName = Release;
		};
		E67335432F7356F700FD26C7 /* Build configuration list for PBXNativeTarget "RxCode" */ = {
			isa = XCConfigurationList;
			buildConfigurations = (
				E67335442F7356F700FD26C7 /* Debug */,
				E67335452F7356F700FD26C7 /* Release */,
			);
			defaultConfigurationIsVisible = 0;
			defaultConfigurationName = Release;
		};
/* End XCConfigurationList section */

/* Begin XCLocalSwiftPackageReference section */
		E6D001002FA0000100000001 /* XCLocalSwiftPackageReference "Packages" */ = {
			isa = XCLocalSwiftPackageReference;
			relativePath = Packages;
		};
/* End XCLocalSwiftPackageReference section */

/* Begin XCRemoteSwiftPackageReference section */
		DF06CCCF2FB4CAB5005991E1 /* XCRemoteSwiftPackageReference "ViewInspector" */ = {
			isa = XCRemoteSwiftPackageReference;
			repositoryURL = "https://github.com/nalexn/ViewInspector";
			requirement = {
				kind = upToNextMajorVersion;
				minimumVersion = 0.10.3;
			};
		};
		DF23FF1B2FBB42F7008929A6 /* XCRemoteSwiftPackageReference "WaterfallGrid" */ = {
			isa = XCRemoteSwiftPackageReference;
			repositoryURL = "https://github.com/paololeonardi/WaterfallGrid";
			requirement = {
				kind = upToNextMajorVersion;
				minimumVersion = 1.1.0;
			};
		};
		E6A001002F8A000100000001 /* XCRemoteSwiftPackageReference "SwiftTerm" */ = {
			isa = XCRemoteSwiftPackageReference;
			repositoryURL = "https://github.com/migueldeicaza/SwiftTerm.git";
			requirement = {
				kind = upToNextMajorVersion;
				minimumVersion = 1.3.0;
			};
		};
		E6C001002F9B000100000001 /* XCRemoteSwiftPackageReference "Sparkle" */ = {
			isa = XCRemoteSwiftPackageReference;
			repositoryURL = "https://github.com/sparkle-project/Sparkle.git";
			requirement = {
				kind = upToNextMajorVersion;
				minimumVersion = 2.0.0;
			};
		};
/* End XCRemoteSwiftPackageReference section */

/* Begin XCSwiftPackageProductDependency section */
		CCDF9594876099576D4FD46E /* RxCodeCore */ = {
			isa = XCSwiftPackageProductDependency;
			productName = RxCodeCore;
		};
		DF06CCD02FB4CAB5005991E1 /* ViewInspector */ = {
			isa = XCSwiftPackageProductDependency;
			package = DF06CCCF2FB4CAB5005991E1 /* XCRemoteSwiftPackageReference "ViewInspector" */;
			productName = ViewInspector;
		};
		DF230B982FBC738D008929A6 /* RxCodeChatKit */ = {
			isa = XCSwiftPackageProductDependency;
			package = E6D001002FA0000100000001 /* XCLocalSwiftPackageReference "Packages" */;
			productName = RxCodeChatKit;
		};
		DF230B9A2FBC738D008929A6 /* RxCodeCore */ = {
			isa = XCSwiftPackageProductDependency;
			package = E6D001002FA0000100000001 /* XCLocalSwiftPackageReference "Packages" */;
			productName = RxCodeCore;
		};
		DF230B9C2FBC738D008929A6 /* RxCodeSync */ = {
			isa = XCSwiftPackageProductDependency;
			package = E6D001002FA0000100000001 /* XCLocalSwiftPackageReference "Packages" */;
			productName = RxCodeSync;
		};
		DF230B9E2FBC73BA008929A6 /* RxCodeChatKit */ = {
			isa = XCSwiftPackageProductDependency;
			package = E6D001002FA0000100000001 /* XCLocalSwiftPackageReference "Packages" */;
			productName = RxCodeChatKit;
		};
		DF230BA02FBC73BA008929A6 /* RxCodeCore */ = {
			isa = XCSwiftPackageProductDependency;
			package = E6D001002FA0000100000001 /* XCLocalSwiftPackageReference "Packages" */;
			productName = RxCodeCore;
		};
		DF230BA22FBC73BA008929A6 /* RxCodeSync */ = {
			isa = XCSwiftPackageProductDependency;
			package = E6D001002FA0000100000001 /* XCLocalSwiftPackageReference "Packages" */;
			productName = RxCodeSync;
		};
		DF23FF1C2FBB42F7008929A6 /* WaterfallGrid */ = {
			isa = XCSwiftPackageProductDependency;
			package = DF23FF1B2FBB42F7008929A6 /* XCRemoteSwiftPackageReference "WaterfallGrid" */;
			productName = WaterfallGrid;
		};
		DFA0CCC32FB4CC01005991E1 /* RxCodeChatKit */ = {
			isa = XCSwiftPackageProductDependency;
			productName = RxCodeChatKit;
		};
		E6A001012F8A000100000001 /* SwiftTerm */ = {
			isa = XCSwiftPackageProductDependency;
			package = E6A001002F8A000100000001 /* XCRemoteSwiftPackageReference "SwiftTerm" */;
			productName = SwiftTerm;
		};
		E6C001012F9B000100000001 /* Sparkle */ = {
			isa = XCSwiftPackageProductDependency;
			package = E6C001002F9B000100000001 /* XCRemoteSwiftPackageReference "Sparkle" */;
			productName = Sparkle;
		};
		E6D001012FA0000100000001 /* RxCodeCore */ = {
			isa = XCSwiftPackageProductDependency;
			package = E6D001002FA0000100000001 /* XCLocalSwiftPackageReference "Packages" */;
			productName = RxCodeCore;
		};
		E6D001022FA0000100000001 /* RxCodeChatKit */ = {
			isa = XCSwiftPackageProductDependency;
			package = E6D001002FA0000100000001 /* XCLocalSwiftPackageReference "Packages" */;
			productName = RxCodeChatKit;
		};
		E6D001062FA0000100000001 /* RxCodeSync */ = {
			isa = XCSwiftPackageProductDependency;
			package = E6D001002FA0000100000001 /* XCLocalSwiftPackageReference "Packages" */;
			productName = RxCodeSync;
		};
/* End XCSwiftPackageProductDependency section */
	};
	rootObject = E67335302F7356F600FD26C7 /* Project object */;
}
