{
  "originHash" : "e093c5c39dc8a5bd721034cdff1a4cf518ce7c7bb07a29f6ceccf2d8f66603e5",
  "pins" : [
    {
      "identity" : "rxagentsdk",
      "kind" : "remoteSourceControl",
      "location" : "https://github.com/rxtech-lab/RxAgentSDK.git",
      "state" : {
        "revision" : "63971d4980dcdffe9633604ad7fec5c7ab97e55d",
        "version" : "1.0.4"
      }
    },
    {
      "identity" : "viewinspector",
      "kind" : "remoteSourceControl",
      "location" : "https://github.com/nalexn/ViewInspector",
      "state" : {
        "revision" : "e9a06346499a3a889165647e3f23f8a7b2609a1c",
        "version" : "0.10.3"
      }
    }
  ],
  "version" : 3
}
