{
  "originHash" : "8e5837723fa63b74c2d907fed60b831efc1c1012d2dbd52125a648387ab46c79",
  "pins" : [
    {
      "identity" : "libwebp-xcode",
      "kind" : "remoteSourceControl",
      "location" : "https://github.com/SDWebImage/libwebp-Xcode",
      "state" : {
        "revision" : "2b5256c29ff4e20f2a0d5ee863b62b1a22144434",
        "version" : "1.6.0"
      }
    },
    {
      "identity" : "rxagentsdk",
      "kind" : "remoteSourceControl",
      "location" : "https://github.com/rxtech-lab/RxAgentSDK.git",
      "state" : {
        "revision" : "63971d4980dcdffe9633604ad7fec5c7ab97e55d",
        "version" : "1.0.4"
      }
    },
    {
      "identity" : "viewinspector",
      "kind" : "remoteSourceControl",
      "location" : "https://github.com/nalexn/ViewInspector",
      "state" : {
        "revision" : "e9a06346499a3a889165647e3f23f8a7b2609a1c",
        "version" : "0.10.3"
      }
    }
  ],
  "version" : 3
}
